
Microsoft Visual Studio Solution File, Format Version 12.00
# Visual Studio Version 16
VisualStudioVersion = 16.0.30907.101
MinimumVisualStudioVersion = 10.0.40219.1
Project("{FAE04EC0-301F-11D3-BF4B-00C04F79EFBC}") = "ITComm", "ITComm\ITComm.csproj", "{BA7E1009-0C3D-49D8-9FCE-17C47A5E4745}"
EndProject
Global
	GlobalSection(SolutionConfigurationPlatforms) = preSolution
		Debug|Any CPU = Debug|Any CPU
		Release|Any CPU = Release|Any CPU
	EndGlobalSection
	GlobalSection(ProjectConfigurationPlatforms) = postSolution
		{BA7E1009-0C3D-49D8-9FCE-17C47A5E4745}.Debug|Any CPU.ActiveCfg = Debug|Any CPU
		{BA7E1009-0C3D-49D8-9FCE-17C47A5E4745}.Debug|Any CPU.Build.0 = Debug|Any CPU
		{BA7E1009-0C3D-49D8-9FCE-17C47A5E4745}.Release|Any CPU.ActiveCfg = Release|Any CPU
		{BA7E1009-0C3D-49D8-9FCE-17C47A5E4745}.Release|Any CPU.Build.0 = Release|Any CPU
	EndGlobalSection
	GlobalSection(SolutionProperties) = preSolution
		HideSolutionNode = FALSE
	EndGlobalSection
	GlobalSection(ExtensibilityGlobals) = postSolution
		SolutionGuid = {AFA9CD3D-8E93-4AB0-8D29-0EE8F577491B}
	EndGlobalSection
EndGlobal
